
Microsoft Visual Studio Solution File, Format Version 12.00
# Visual Studio Version 16
VisualStudioVersion = 16.0.28407.52
MinimumVisualStudioVersion = 10.0.40219.1
Project("{9A19103F-16F7-4668-BE54-9A1E7A4F7556}") = "Orleans.Template.Client", "Orleans.ExampleClient\Orleans.Template.Client.csproj", "{80B9BB7D-0304-4288-BF7D-9A414C53244A}"
EndProject
Project("{9A19103F-16F7-4668-BE54-9A1E7A4F7556}") = "Handler", "Handler\Handler.csproj", "{222C1756-BEED-4B94-AA07-42691615E785}"
EndProject
Global
	GlobalSection(SolutionConfigurationPlatforms) = preSolution
		Debug|Any CPU = Debug|Any CPU
		Release|Any CPU = Release|Any CPU
	EndGlobalSection
	GlobalSection(ProjectConfigurationPlatforms) = postSolution
		{80B9BB7D-0304-4288-BF7D-9A414C53244A}.Debug|Any CPU.ActiveCfg = Debug|Any CPU
		{80B9BB7D-0304-4288-BF7D-9A414C53244A}.Debug|Any CPU.Build.0 = Debug|Any CPU
		{80B9BB7D-0304-4288-BF7D-9A414C53244A}.Release|Any CPU.ActiveCfg = Release|Any CPU
		{80B9BB7D-0304-4288-BF7D-9A414C53244A}.Release|Any CPU.Build.0 = Release|Any CPU
		{222C1756-BEED-4B94-AA07-42691615E785}.Debug|Any CPU.ActiveCfg = Debug|Any CPU
		{222C1756-BEED-4B94-AA07-42691615E785}.Debug|Any CPU.Build.0 = Debug|Any CPU
		{222C1756-BEED-4B94-AA07-42691615E785}.Release|Any CPU.ActiveCfg = Release|Any CPU
		{222C1756-BEED-4B94-AA07-42691615E785}.Release|Any CPU.Build.0 = Release|Any CPU
	EndGlobalSection
	GlobalSection(SolutionProperties) = preSolution
		HideSolutionNode = FALSE
	EndGlobalSection
	GlobalSection(ExtensibilityGlobals) = postSolution
		SolutionGuid = {48B8DCA5-679E-4F45-9881-83B2DE068A7F}
	EndGlobalSection
EndGlobal
